
Microsoft Visual Studio Solution File, Format Version 12.00
# Visual Studio Version 16
VisualStudioVersion = 16.0.30717.126
MinimumVisualStudioVersion = 10.0.40219.1
Project("{9A19103F-16F7-4668-BE54-9A1E7A4F7556}") = "IdentityServerDemo.Presentation", "IdentityServerDemo.Presentation\IdentityServerDemo.Presentation.csproj", "{FD4404EE-0A14-497F-8429-2091F757FFC7}"
EndProject
Project("{2150E333-8FDC-42A3-9474-1A3956D46DE8}") = "API", "API", "{14282243-9DEE-41A4-9D97-ED398AE63699}"
EndProject
Project("{2150E333-8FDC-42A3-9474-1A3956D46DE8}") = "ClientBlazorWasm", "ClientBlazorWasm", "{5F85F28E-72BA-48FF-8CE7-99DFB21B91D9}"
EndProject
Project("{2150E333-8FDC-42A3-9474-1A3956D46DE8}") = "ClientXamarin", "ClientXamarin", "{0F255290-1EDE-4698-A91B-B483B4F5467F}"
EndProject
Project("{9A19103F-16F7-4668-BE54-9A1E7A4F7556}") = "IdentityServerAPIDemo", "IdentityServerAPIDemo\IdentityServerAPIDemo.csproj", "{C48168CB-1907-48E7-8C09-A047BAFC8866}"
EndProject
Project("{2150E333-8FDC-42A3-9474-1A3956D46DE8}") = "ConsoleClient", "ConsoleClient", "{3E30470F-B74D-40A1-A16B-44B9C28F6964}"
EndProject
Project("{9A19103F-16F7-4668-BE54-9A1E7A4F7556}") = "ConsoleClientForIdentityServer", "ConsoleClientForIdentityServer\ConsoleClientForIdentityServer.csproj", "{54AC4260-F77E-441F-A070-DEC399364BA2}"
EndProject
Project("{2150E333-8FDC-42A3-9474-1A3956D46DE8}") = "ClientBlazorServer", "ClientBlazorServer", "{F5AFA5FC-3EC0-466B-9799-9F5B50275577}"
EndProject
Project("{9A19103F-16F7-4668-BE54-9A1E7A4F7556}") = "ClientBlazor.Server", "ClientBlazor.Server\ClientBlazor.Server.csproj", "{AD104363-340F-40AB-8A9C-E9EBF2AA4B50}"
EndProject
Project("{9A19103F-16F7-4668-BE54-9A1E7A4F7556}") = "ClientBlazor.Wasm", "ClientBlazor.Wasm\ClientBlazor.Wasm.csproj", "{E30A0350-7432-4CE3-8D5B-224ADF581114}"
EndProject
Project("{2150E333-8FDC-42A3-9474-1A3956D46DE8}") = "APIWithIdentity", "APIWithIdentity", "{63FACB44-43C5-4B74-8D1A-6986E02D3531}"
EndProject
Project("{9A19103F-16F7-4668-BE54-9A1E7A4F7556}") = "ApiWithIdentity.Web", "ApiWithIdentity.Web\ApiWithIdentity.Web.csproj", "{47A3422C-BD81-4181-BA8E-53DB617F42EC}"
EndProject
Project("{9A19103F-16F7-4668-BE54-9A1E7A4F7556}") = "ApiWithIdentity.Dal", "ApiWithIdentity.Dal\ApiWithIdentity.Dal.csproj", "{8B8FA2F0-45C2-429A-9AA6-48DDB06B4BEF}"
EndProject
Project("{9A19103F-16F7-4668-BE54-9A1E7A4F7556}") = "ApiWithIdentity.Bll", "ApiWithIdentity.Bll\ApiWithIdentity.Bll.csproj", "{46157F66-D2A7-4D61-AADB-9E1FADAA0970}"
EndProject
Project("{9A19103F-16F7-4668-BE54-9A1E7A4F7556}") = "ClientBlazorIdentity", "ClientBlazorIdentity\ClientBlazorIdentity.csproj", "{22BA8903-1F09-4CE7-9684-E3E491213BE4}"
EndProject
Global
	GlobalSection(SolutionConfigurationPlatforms) = preSolution
		Debug|Any CPU = Debug|Any CPU
		Release|Any CPU = Release|Any CPU
	EndGlobalSection
	GlobalSection(ProjectConfigurationPlatforms) = postSolution
		{FD4404EE-0A14-497F-8429-2091F757FFC7}.Debug|Any CPU.ActiveCfg = Debug|Any CPU
		{FD4404EE-0A14-497F-8429-2091F757FFC7}.Debug|Any CPU.Build.0 = Debug|Any CPU
		{FD4404EE-0A14-497F-8429-2091F757FFC7}.Release|Any CPU.ActiveCfg = Release|Any CPU
		{FD4404EE-0A14-497F-8429-2091F757FFC7}.Release|Any CPU.Build.0 = Release|Any CPU
		{C48168CB-1907-48E7-8C09-A047BAFC8866}.Debug|Any CPU.ActiveCfg = Debug|Any CPU
		{C48168CB-1907-48E7-8C09-A047BAFC8866}.Debug|Any CPU.Build.0 = Debug|Any CPU
		{C48168CB-1907-48E7-8C09-A047BAFC8866}.Release|Any CPU.ActiveCfg = Release|Any CPU
		{C48168CB-1907-48E7-8C09-A047BAFC8866}.Release|Any CPU.Build.0 = Release|Any CPU
		{54AC4260-F77E-441F-A070-DEC399364BA2}.Debug|Any CPU.ActiveCfg = Debug|Any CPU
		{54AC4260-F77E-441F-A070-DEC399364BA2}.Debug|Any CPU.Build.0 = Debug|Any CPU
		{54AC4260-F77E-441F-A070-DEC399364BA2}.Release|Any CPU.ActiveCfg = Release|Any CPU
		{54AC4260-F77E-441F-A070-DEC399364BA2}.Release|Any CPU.Build.0 = Release|Any CPU
		{AD104363-340F-40AB-8A9C-E9EBF2AA4B50}.Debug|Any CPU.ActiveCfg = Debug|Any CPU
		{AD104363-340F-40AB-8A9C-E9EBF2AA4B50}.Debug|Any CPU.Build.0 = Debug|Any CPU
		{AD104363-340F-40AB-8A9C-E9EBF2AA4B50}.Release|Any CPU.ActiveCfg = Release|Any CPU
		{AD104363-340F-40AB-8A9C-E9EBF2AA4B50}.Release|Any CPU.Build.0 = Release|Any CPU
		{E30A0350-7432-4CE3-8D5B-224ADF581114}.Debug|Any CPU.ActiveCfg = Debug|Any CPU
		{E30A0350-7432-4CE3-8D5B-224ADF581114}.Debug|Any CPU.Build.0 = Debug|Any CPU
		{E30A0350-7432-4CE3-8D5B-224ADF581114}.Release|Any CPU.ActiveCfg = Release|Any CPU
		{E30A0350-7432-4CE3-8D5B-224ADF581114}.Release|Any CPU.Build.0 = Release|Any CPU
		{47A3422C-BD81-4181-BA8E-53DB617F42EC}.Debug|Any CPU.ActiveCfg = Debug|Any CPU
		{47A3422C-BD81-4181-BA8E-53DB617F42EC}.Debug|Any CPU.Build.0 = Debug|Any CPU
		{47A3422C-BD81-4181-BA8E-53DB617F42EC}.Release|Any CPU.ActiveCfg = Release|Any CPU
		{47A3422C-BD81-4181-BA8E-53DB617F42EC}.Release|Any CPU.Build.0 = Release|Any CPU
		{8B8FA2F0-45C2-429A-9AA6-48DDB06B4BEF}.Debug|Any CPU.ActiveCfg = Debug|Any CPU
		{8B8FA2F0-45C2-429A-9AA6-48DDB06B4BEF}.Debug|Any CPU.Build.0 = Debug|Any CPU
		{8B8FA2F0-45C2-429A-9AA6-48DDB06B4BEF}.Release|Any CPU.ActiveCfg = Release|Any CPU
		{8B8FA2F0-45C2-429A-9AA6-48DDB06B4BEF}.Release|Any CPU.Build.0 = Release|Any CPU
		{46157F66-D2A7-4D61-AADB-9E1FADAA0970}.Debug|Any CPU.ActiveCfg = Debug|Any CPU
		{46157F66-D2A7-4D61-AADB-9E1FADAA0970}.Debug|Any CPU.Build.0 = Debug|Any CPU
		{46157F66-D2A7-4D61-AADB-9E1FADAA0970}.Release|Any CPU.ActiveCfg = Release|Any CPU
		{46157F66-D2A7-4D61-AADB-9E1FADAA0970}.Release|Any CPU.Build.0 = Release|Any CPU
		{22BA8903-1F09-4CE7-9684-E3E491213BE4}.Debug|Any CPU.ActiveCfg = Debug|Any CPU
		{22BA8903-1F09-4CE7-9684-E3E491213BE4}.Debug|Any CPU.Build.0 = Debug|Any CPU
		{22BA8903-1F09-4CE7-9684-E3E491213BE4}.Release|Any CPU.ActiveCfg = Release|Any CPU
		{22BA8903-1F09-4CE7-9684-E3E491213BE4}.Release|Any CPU.Build.0 = Release|Any CPU
	EndGlobalSection
	GlobalSection(SolutionProperties) = preSolution
		HideSolutionNode = FALSE
	EndGlobalSection
	GlobalSection(NestedProjects) = preSolution
		{C48168CB-1907-48E7-8C09-A047BAFC8866} = {14282243-9DEE-41A4-9D97-ED398AE63699}
		{54AC4260-F77E-441F-A070-DEC399364BA2} = {3E30470F-B74D-40A1-A16B-44B9C28F6964}
		{AD104363-340F-40AB-8A9C-E9EBF2AA4B50} = {F5AFA5FC-3EC0-466B-9799-9F5B50275577}
		{E30A0350-7432-4CE3-8D5B-224ADF581114} = {5F85F28E-72BA-48FF-8CE7-99DFB21B91D9}
		{47A3422C-BD81-4181-BA8E-53DB617F42EC} = {63FACB44-43C5-4B74-8D1A-6986E02D3531}
		{8B8FA2F0-45C2-429A-9AA6-48DDB06B4BEF} = {63FACB44-43C5-4B74-8D1A-6986E02D3531}
		{46157F66-D2A7-4D61-AADB-9E1FADAA0970} = {63FACB44-43C5-4B74-8D1A-6986E02D3531}
		{22BA8903-1F09-4CE7-9684-E3E491213BE4} = {5F85F28E-72BA-48FF-8CE7-99DFB21B91D9}
	EndGlobalSection
	GlobalSection(ExtensibilityGlobals) = postSolution
		SolutionGuid = {3D093DE6-125F-4C4F-94A9-E5AF5930AFE7}
	EndGlobalSection
EndGlobal
