
Microsoft Visual Studio Solution File, Format Version 12.00
# Visual Studio Version 16
VisualStudioVersion = 16.0.30717.126
MinimumVisualStudioVersion = 10.0.40219.1
Project("{9A19103F-16F7-4668-BE54-9A1E7A4F7556}") = "IdentityServerDemo.Presentation", "IdentityServerDemo.Presentation\IdentityServerDemo.Presentation.csproj", "{FD4404EE-0A14-497F-8429-2091F757FFC7}"
EndProject
Project("{9A19103F-16F7-4668-BE54-9A1E7A4F7556}") = "IdentityServerDemo.DAL", "IdentityServerDemo.DAL\IdentityServerDemo.DAL.csproj", "{AF26906F-2670-4EDC-9FE7-187AF2EA33A2}"
EndProject
Project("{9A19103F-16F7-4668-BE54-9A1E7A4F7556}") = "IdentityServerDemo.BLL", "IdentityServerDemo.BLL\IdentityServerDemo.BLL.csproj", "{9A025726-6386-4FDA-8134-82AD849BC4DB}"
EndProject
Project("{2150E333-8FDC-42A3-9474-1A3956D46DE8}") = "API", "API", "{14282243-9DEE-41A4-9D97-ED398AE63699}"
EndProject
Project("{2150E333-8FDC-42A3-9474-1A3956D46DE8}") = "ClientBlazorWasm", "ClientBlazorWasm", "{5F85F28E-72BA-48FF-8CE7-99DFB21B91D9}"
EndProject
Project("{2150E333-8FDC-42A3-9474-1A3956D46DE8}") = "ClientXamarin", "ClientXamarin", "{0F255290-1EDE-4698-A91B-B483B4F5467F}"
EndProject
Project("{9A19103F-16F7-4668-BE54-9A1E7A4F7556}") = "IdentityServerAPIDemo", "IdentityServerAPIDemo\IdentityServerAPIDemo.csproj", "{C48168CB-1907-48E7-8C09-A047BAFC8866}"
EndProject
Project("{2150E333-8FDC-42A3-9474-1A3956D46DE8}") = "ConsoleClient", "ConsoleClient", "{3E30470F-B74D-40A1-A16B-44B9C28F6964}"
EndProject
Project("{9A19103F-16F7-4668-BE54-9A1E7A4F7556}") = "ConsoleClientForIdentityServer", "ConsoleClientForIdentityServer\ConsoleClientForIdentityServer.csproj", "{54AC4260-F77E-441F-A070-DEC399364BA2}"
EndProject
Global
	GlobalSection(SolutionConfigurationPlatforms) = preSolution
		Debug|Any CPU = Debug|Any CPU
		Release|Any CPU = Release|Any CPU
	EndGlobalSection
	GlobalSection(ProjectConfigurationPlatforms) = postSolution
		{FD4404EE-0A14-497F-8429-2091F757FFC7}.Debug|Any CPU.ActiveCfg = Debug|Any CPU
		{FD4404EE-0A14-497F-8429-2091F757FFC7}.Debug|Any CPU.Build.0 = Debug|Any CPU
		{FD4404EE-0A14-497F-8429-2091F757FFC7}.Release|Any CPU.ActiveCfg = Release|Any CPU
		{FD4404EE-0A14-497F-8429-2091F757FFC7}.Release|Any CPU.Build.0 = Release|Any CPU
		{AF26906F-2670-4EDC-9FE7-187AF2EA33A2}.Debug|Any CPU.ActiveCfg = Debug|Any CPU
		{AF26906F-2670-4EDC-9FE7-187AF2EA33A2}.Debug|Any CPU.Build.0 = Debug|Any CPU
		{AF26906F-2670-4EDC-9FE7-187AF2EA33A2}.Release|Any CPU.ActiveCfg = Release|Any CPU
		{AF26906F-2670-4EDC-9FE7-187AF2EA33A2}.Release|Any CPU.Build.0 = Release|Any CPU
		{9A025726-6386-4FDA-8134-82AD849BC4DB}.Debug|Any CPU.ActiveCfg = Debug|Any CPU
		{9A025726-6386-4FDA-8134-82AD849BC4DB}.Debug|Any CPU.Build.0 = Debug|Any CPU
		{9A025726-6386-4FDA-8134-82AD849BC4DB}.Release|Any CPU.ActiveCfg = Release|Any CPU
		{9A025726-6386-4FDA-8134-82AD849BC4DB}.Release|Any CPU.Build.0 = Release|Any CPU
		{C48168CB-1907-48E7-8C09-A047BAFC8866}.Debug|Any CPU.ActiveCfg = Debug|Any CPU
		{C48168CB-1907-48E7-8C09-A047BAFC8866}.Debug|Any CPU.Build.0 = Debug|Any CPU
		{C48168CB-1907-48E7-8C09-A047BAFC8866}.Release|Any CPU.ActiveCfg = Release|Any CPU
		{C48168CB-1907-48E7-8C09-A047BAFC8866}.Release|Any CPU.Build.0 = Release|Any CPU
		{54AC4260-F77E-441F-A070-DEC399364BA2}.Debug|Any CPU.ActiveCfg = Debug|Any CPU
		{54AC4260-F77E-441F-A070-DEC399364BA2}.Debug|Any CPU.Build.0 = Debug|Any CPU
		{54AC4260-F77E-441F-A070-DEC399364BA2}.Release|Any CPU.ActiveCfg = Release|Any CPU
		{54AC4260-F77E-441F-A070-DEC399364BA2}.Release|Any CPU.Build.0 = Release|Any CPU
	EndGlobalSection
	GlobalSection(SolutionProperties) = preSolution
		HideSolutionNode = FALSE
	EndGlobalSection
	GlobalSection(NestedProjects) = preSolution
		{C48168CB-1907-48E7-8C09-A047BAFC8866} = {14282243-9DEE-41A4-9D97-ED398AE63699}
		{54AC4260-F77E-441F-A070-DEC399364BA2} = {3E30470F-B74D-40A1-A16B-44B9C28F6964}
	EndGlobalSection
	GlobalSection(ExtensibilityGlobals) = postSolution
		SolutionGuid = {3D093DE6-125F-4C4F-94A9-E5AF5930AFE7}
	EndGlobalSection
EndGlobal
